// !$*UTF8*$!
{
	archiveVersion = 1;
	classes = {
	};
	objectVersion = 50;
	objects = {

/* Begin PBXBuildFile section */
		ED0AF107223807FF00E3E7FC /* utils.cpp in Sources */ = {isa = PBXBuildFile; fileRef = ED0AF085223807FE00E3E7FC /* utils.cpp */; };
		ED0AF1422238089700E3E7FC /* p44obj.cpp in Sources */ = {isa = PBXBuildFile; fileRef = ED0AF100223807FF00E3E7FC /* p44obj.cpp */; };
		ED0AF1432238089700E3E7FC /* logger.cpp in Sources */ = {isa = PBXBuildFile; fileRef = ED0AF0C9223807FE00E3E7FC /* logger.cpp */; };
		ED0AF1442238089700E3E7FC /* error.cpp in Sources */ = {isa = PBXBuildFile; fileRef = ED0AF098223807FE00E3E7FC /* error.cpp */; };
		ED0AF1452238089700E3E7FC /* mainloop.cpp in Sources */ = {isa = PBXBuildFile; fileRef = ED0AF09E223807FE00E3E7FC /* mainloop.cpp */; };
		ED0AF14F223814A100E3E7FC /* fdcomm.cpp in Sources */ = {isa = PBXBuildFile; fileRef = ED0AF097223807FE00E3E7FC /* fdcomm.cpp */; };
		ED0AF1512238157C00E3E7FC /* application.cpp in Sources */ = {isa = PBXBuildFile; fileRef = ED0AF0CA223807FE00E3E7FC /* application.cpp */; };
		ED0AF1532238199B00E3E7FC /* p44btdmx_main.cpp in Sources */ = {isa = PBXBuildFile; fileRef = ED0AF1522238199B00E3E7FC /* p44btdmx_main.cpp */; };
		ED0AF1552239592000E3E7FC /* esp_main.c in Sources */ = {isa = PBXBuildFile; fileRef = ED0AF1542239592000E3E7FC /* esp_main.c */; };
		ED0AF15622395F2700E3E7FC /* ledchaincomm.cpp in Sources */ = {isa = PBXBuildFile; fileRef = ED0AF08D223807FE00E3E7FC /* ledchaincomm.cpp */; };
		ED0AF15B223975CE00E3E7FC /* socketcomm.cpp in Sources */ = {isa = PBXBuildFile; fileRef = ED0AF0C2223807FE00E3E7FC /* socketcomm.cpp */; };
		ED0AF15E22397D0800E3E7FC /* wifi_init.c in Sources */ = {isa = PBXBuildFile; fileRef = ED0AF15D22397D0800E3E7FC /* wifi_init.c */; };
		ED0AF1CB223AB6CE00E3E7FC /* jsoncomm.cpp in Sources */ = {isa = PBXBuildFile; fileRef = ED0AF0C0223807FE00E3E7FC /* jsoncomm.cpp */; };
		ED0AF1CC223AB6CE00E3E7FC /* jsonobject.cpp in Sources */ = {isa = PBXBuildFile; fileRef = ED0AF0CD223807FE00E3E7FC /* jsonobject.cpp */; };
		ED0AF1CD223ABAAC00E3E7FC /* arraylist.c in Sources */ = {isa = PBXBuildFile; fileRef = ED0AF171223A97EB00E3E7FC /* arraylist.c */; };
		ED0AF1CE223ABAAC00E3E7FC /* debug.c in Sources */ = {isa = PBXBuildFile; fileRef = ED0AF1AF223A97EB00E3E7FC /* debug.c */; };
		ED0AF1CF223ABAAC00E3E7FC /* json_c_version.c in Sources */ = {isa = PBXBuildFile; fileRef = ED0AF169223A97EB00E3E7FC /* json_c_version.c */; };
		ED0AF1D0223ABAAC00E3E7FC /* json_object_iterator.c in Sources */ = {isa = PBXBuildFile; fileRef = ED0AF16C223A97EB00E3E7FC /* json_object_iterator.c */; };
		ED0AF1D1223ABAAC00E3E7FC /* json_tokener.c in Sources */ = {isa = PBXBuildFile; fileRef = ED0AF16E223A97EB00E3E7FC /* json_tokener.c */; };
		ED0AF1D2223ABAAC00E3E7FC /* json_util.c in Sources */ = {isa = PBXBuildFile; fileRef = ED0AF1C5223A97EB00E3E7FC /* json_util.c */; };
		ED0AF1D3223ABAAC00E3E7FC /* linkhash.c in Sources */ = {isa = PBXBuildFile; fileRef = ED0AF16D223A97EB00E3E7FC /* linkhash.c */; };
		ED0AF1D4223ABAAC00E3E7FC /* printbuf.c in Sources */ = {isa = PBXBuildFile; fileRef = ED0AF1B2223A97EB00E3E7FC /* printbuf.c */; };
		ED0AF1D5223ABAAC00E3E7FC /* random_seed.c in Sources */ = {isa = PBXBuildFile; fileRef = ED0AF160223A97EB00E3E7FC /* random_seed.c */; };
		ED0AF1D6223ABB1900E3E7FC /* json_object.c in Sources */ = {isa = PBXBuildFile; fileRef = ED0AF1A3223A97EB00E3E7FC /* json_object.c */; };
		EDD45BEE259A3AD500964B6F /* esp_dmx_rx.cpp in Sources */ = {isa = PBXBuildFile; fileRef = EDD45BEC259A2F9A00964B6F /* esp_dmx_rx.cpp */; };
		EDE91E3F257E8AFE00AFEAE8 /* p44script.cpp in Sources */ = {isa = PBXBuildFile; fileRef = EDE91E32257E8AFD00AFEAE8 /* p44script.cpp */; };
		EDE91E40257E8AFE00AFEAE8 /* valueanimator.cpp in Sources */ = {isa = PBXBuildFile; fileRef = EDE91E33257E8AFD00AFEAE8 /* valueanimator.cpp */; };
		EDE91E41257E8AFE00AFEAE8 /* dcmotor.cpp in Sources */ = {isa = PBXBuildFile; fileRef = EDE91E39257E8AFE00AFEAE8 /* dcmotor.cpp */; };
		EDE91E42257E8AFE00AFEAE8 /* timeutils.cpp in Sources */ = {isa = PBXBuildFile; fileRef = EDE91E3A257E8AFE00AFEAE8 /* timeutils.cpp */; };
		EDE91E43257E8AFE00AFEAE8 /* extutils.cpp in Sources */ = {isa = PBXBuildFile; fileRef = EDE91E3C257E8AFE00AFEAE8 /* extutils.cpp */; };
		EDE91E6A257ED6F200AFEAE8 /* coloreffectview.cpp in Sources */ = {isa = PBXBuildFile; fileRef = EDE91E4B257ED6F200AFEAE8 /* coloreffectview.cpp */; };
		EDE91E6B257ED6F200AFEAE8 /* lightspotview.cpp in Sources */ = {isa = PBXBuildFile; fileRef = EDE91E4C257ED6F200AFEAE8 /* lightspotview.cpp */; };
		EDE91E6C257ED6F200AFEAE8 /* epxview.cpp in Sources */ = {isa = PBXBuildFile; fileRef = EDE91E4E257ED6F200AFEAE8 /* epxview.cpp */; };
		EDE91E6D257ED6F200AFEAE8 /* viewscroller.cpp in Sources */ = {isa = PBXBuildFile; fileRef = EDE91E53257ED6F200AFEAE8 /* viewscroller.cpp */; };
		EDE91E6E257ED6F200AFEAE8 /* imageview.cpp in Sources */ = {isa = PBXBuildFile; fileRef = EDE91E56257ED6F200AFEAE8 /* imageview.cpp */; };
		EDE91E6F257ED6F200AFEAE8 /* viewstack.cpp in Sources */ = {isa = PBXBuildFile; fileRef = EDE91E5A257ED6F200AFEAE8 /* viewstack.cpp */; };
		EDE91E70257ED6F200AFEAE8 /* canvasview.cpp in Sources */ = {isa = PBXBuildFile; fileRef = EDE91E5B257ED6F200AFEAE8 /* canvasview.cpp */; };
		EDE91E71257ED6F200AFEAE8 /* viewfactory.cpp in Sources */ = {isa = PBXBuildFile; fileRef = EDE91E5D257ED6F200AFEAE8 /* viewfactory.cpp */; };
		EDE91E72257ED6F200AFEAE8 /* p44view.cpp in Sources */ = {isa = PBXBuildFile; fileRef = EDE91E62257ED6F200AFEAE8 /* p44view.cpp */; };
		EDE91E73257ED6F200AFEAE8 /* textview.cpp in Sources */ = {isa = PBXBuildFile; fileRef = EDE91E63257ED6F200AFEAE8 /* textview.cpp */; };
		EDE91E74257ED6F200AFEAE8 /* viewsequencer.cpp in Sources */ = {isa = PBXBuildFile; fileRef = EDE91E64257ED6F200AFEAE8 /* viewsequencer.cpp */; };
		EDE91E75257ED6F200AFEAE8 /* lifeview.cpp in Sources */ = {isa = PBXBuildFile; fileRef = EDE91E66257ED6F200AFEAE8 /* lifeview.cpp */; };
		EDE91E76257ED6F200AFEAE8 /* torchview.cpp in Sources */ = {isa = PBXBuildFile; fileRef = EDE91E67257ED6F200AFEAE8 /* torchview.cpp */; };
		EDE91E7F257F930B00AFEAE8 /* analogio.cpp in Sources */ = {isa = PBXBuildFile; fileRef = ED0AF099223807FE00E3E7FC /* analogio.cpp */; };
		EDE91E81257F931B00AFEAE8 /* digitalio.cpp in Sources */ = {isa = PBXBuildFile; fileRef = ED0AF0B4223807FE00E3E7FC /* digitalio.cpp */; };
		EDE91E83257F933D00AFEAE8 /* spi.cpp in Sources */ = {isa = PBXBuildFile; fileRef = ED0AF0B6223807FE00E3E7FC /* spi.cpp */; };
		EDE91E84257F933D00AFEAE8 /* i2c.cpp in Sources */ = {isa = PBXBuildFile; fileRef = ED0AF086223807FE00E3E7FC /* i2c.cpp */; };
		EDE91E86257F936400AFEAE8 /* iopin.cpp in Sources */ = {isa = PBXBuildFile; fileRef = ED0AF0C8223807FE00E3E7FC /* iopin.cpp */; };
		EDE91E88257F939000AFEAE8 /* colorutils.cpp in Sources */ = {isa = PBXBuildFile; fileRef = ED0AF094223807FE00E3E7FC /* colorutils.cpp */; };
		EDE91E8A257F93A900AFEAE8 /* pwm.cpp in Sources */ = {isa = PBXBuildFile; fileRef = ED0AF0BF223807FE00E3E7FC /* pwm.cpp */; };
		EDE91E8E257FE59D00AFEAE8 /* esp_bt.cpp in Sources */ = {isa = PBXBuildFile; fileRef = EDE91E8C257FE59D00AFEAE8 /* esp_bt.cpp */; };
		EDE91E992580E81300AFEAE8 /* p44btdmx.cpp in Sources */ = {isa = PBXBuildFile; fileRef = EDE91E972580E81300AFEAE8 /* p44btdmx.cpp */; };
		EDE920E62582341000AFEAE8 /* p44lrglight.cpp in Sources */ = {isa = PBXBuildFile; fileRef = EDE920E42582341000AFEAE8 /* p44lrglight.cpp */; };
		EDE920E72582341000AFEAE8 /* pwmlight.cpp in Sources */ = {isa = PBXBuildFile; fileRef = EDE920E52582341000AFEAE8 /* pwmlight.cpp */; };
/* End PBXBuildFile section */

/* Begin PBXCopyFilesBuildPhase section */
		ED0AF074223807CC00E3E7FC /* CopyFiles */ = {
			isa = PBXCopyFilesBuildPhase;
			buildActionMask = 2147483647;
			dstPath = /usr/share/man/man1/;
			dstSubfolderSpec = 0;
			files = (
			);
			runOnlyForDeploymentPostprocessing = 1;
		};
/* End PBXCopyFilesBuildPhase section */

/* Begin PBXFileReference section */
		ED0AF076223807CC00E3E7FC /* p44btdmx_controller */ = {isa = PBXFileReference; explicitFileType = "compiled.mach-o.executable"; includeInIndex = 0; path = p44btdmx_controller; sourceTree = BUILT_PRODUCTS_DIR; };
		ED0AF082223807FE00E3E7FC /* iopin.hpp */ = {isa = PBXFileReference; fileEncoding = 4; lastKnownFileType = sourcecode.cpp.h; path = iopin.hpp; sourceTree = "<group>"; };
		ED0AF083223807FE00E3E7FC /* logger.hpp */ = {isa = PBXFileReference; fileEncoding = 4; lastKnownFileType = sourcecode.cpp.h; path = logger.hpp; sourceTree = "<group>"; };
		ED0AF084223807FE00E3E7FC /* application.hpp */ = {isa = PBXFileReference; fileEncoding = 4; lastKnownFileType = sourcecode.cpp.h; path = application.hpp; sourceTree = "<group>"; };
		ED0AF085223807FE00E3E7FC /* utils.cpp */ = {isa = PBXFileReference; fileEncoding = 4; lastKnownFileType = sourcecode.cpp.cpp; path = utils.cpp; sourceTree = "<group>"; };
		ED0AF086223807FE00E3E7FC /* i2c.cpp */ = {isa = PBXFileReference; fileEncoding = 4; lastKnownFileType = sourcecode.cpp.cpp; path = i2c.cpp; sourceTree = "<group>"; };
		ED0AF087223807FE00E3E7FC /* fnv.hpp */ = {isa = PBXFileReference; fileEncoding = 4; lastKnownFileType = sourcecode.cpp.h; path = fnv.hpp; sourceTree = "<group>"; };
		ED0AF088223807FE00E3E7FC /* jsonobject.hpp */ = {isa = PBXFileReference; fileEncoding = 4; lastKnownFileType = sourcecode.cpp.h; path = jsonobject.hpp; sourceTree = "<group>"; };
		ED0AF089223807FE00E3E7FC /* httpcomm.cpp */ = {isa = PBXFileReference; fileEncoding = 4; lastKnownFileType = sourcecode.cpp.cpp; path = httpcomm.cpp; sourceTree = "<group>"; };
		ED0AF08A223807FE00E3E7FC /* serialcomm.cpp */ = {isa = PBXFileReference; fileEncoding = 4; lastKnownFileType = sourcecode.cpp.cpp; path = serialcomm.cpp; sourceTree = "<group>"; };
		ED0AF08B223807FE00E3E7FC /* consolekey.cpp */ = {isa = PBXFileReference; fileEncoding = 4; lastKnownFileType = sourcecode.cpp.cpp; path = consolekey.cpp; sourceTree = "<group>"; };
		ED0AF08C223807FE00E3E7FC /* ssdpsearch.hpp */ = {isa = PBXFileReference; fileEncoding = 4; lastKnownFileType = sourcecode.cpp.h; path = ssdpsearch.hpp; sourceTree = "<group>"; };
		ED0AF08D223807FE00E3E7FC /* ledchaincomm.cpp */ = {isa = PBXFileReference; fileEncoding = 4; lastKnownFileType = sourcecode.cpp.cpp; path = ledchaincomm.cpp; sourceTree = "<group>"; };
		ED0AF08E223807FE00E3E7FC /* p44obj.hpp */ = {isa = PBXFileReference; fileEncoding = 4; lastKnownFileType = sourcecode.cpp.h; path = p44obj.hpp; sourceTree = "<group>"; };
		ED0AF08F223807FE00E3E7FC /* persistentparams.hpp */ = {isa = PBXFileReference; fileEncoding = 4; lastKnownFileType = sourcecode.cpp.h; path = persistentparams.hpp; sourceTree = "<group>"; };
		ED0AF090223807FE00E3E7FC /* serialqueue.hpp */ = {isa = PBXFileReference; fileEncoding = 4; lastKnownFileType = sourcecode.cpp.h; path = serialqueue.hpp; sourceTree = "<group>"; };
		ED0AF091223807FE00E3E7FC /* regexp.cpp */ = {isa = PBXFileReference; fileEncoding = 4; lastKnownFileType = sourcecode.cpp.cpp; path = regexp.cpp; sourceTree = "<group>"; };
		ED0AF092223807FE00E3E7FC /* sqlite3persistence.hpp */ = {isa = PBXFileReference; fileEncoding = 4; lastKnownFileType = sourcecode.cpp.h; path = sqlite3persistence.hpp; sourceTree = "<group>"; };
		ED0AF093223807FE00E3E7FC /* jsonwebclient.hpp */ = {isa = PBXFileReference; fileEncoding = 4; lastKnownFileType = sourcecode.cpp.h; path = jsonwebclient.hpp; sourceTree = "<group>"; };
		ED0AF094223807FE00E3E7FC /* colorutils.cpp */ = {isa = PBXFileReference; fileEncoding = 4; lastKnownFileType = sourcecode.cpp.cpp; path = colorutils.cpp; sourceTree = "<group>"; };
		ED0AF095223807FE00E3E7FC /* igmp.hpp */ = {isa = PBXFileReference; fileEncoding = 4; lastKnownFileType = sourcecode.cpp.h; path = igmp.hpp; sourceTree = "<group>"; };
		ED0AF096223807FE00E3E7FC /* spi.hpp */ = {isa = PBXFileReference; fileEncoding = 4; lastKnownFileType = sourcecode.cpp.h; path = spi.hpp; sourceTree = "<group>"; };
		ED0AF097223807FE00E3E7FC /* fdcomm.cpp */ = {isa = PBXFileReference; fileEncoding = 4; lastKnownFileType = sourcecode.cpp.cpp; path = fdcomm.cpp; sourceTree = "<group>"; };
		ED0AF098223807FE00E3E7FC /* error.cpp */ = {isa = PBXFileReference; fileEncoding = 4; lastKnownFileType = sourcecode.cpp.cpp; path = error.cpp; sourceTree = "<group>"; };
		ED0AF099223807FE00E3E7FC /* analogio.cpp */ = {isa = PBXFileReference; fileEncoding = 4; lastKnownFileType = sourcecode.cpp.cpp; path = analogio.cpp; sourceTree = "<group>"; };
		ED0AF09A223807FE00E3E7FC /* expressions.cpp */ = {isa = PBXFileReference; fileEncoding = 4; lastKnownFileType = sourcecode.cpp.cpp; path = expressions.cpp; sourceTree = "<group>"; };
		ED0AF09B223807FE00E3E7FC /* macaddress.cpp */ = {isa = PBXFileReference; fileEncoding = 4; lastKnownFileType = sourcecode.cpp.cpp; path = macaddress.cpp; sourceTree = "<group>"; };
		ED0AF09C223807FE00E3E7FC /* crc32.cpp */ = {isa = PBXFileReference; fileEncoding = 4; lastKnownFileType = sourcecode.cpp.cpp; path = crc32.cpp; sourceTree = "<group>"; };
		ED0AF09D223807FE00E3E7FC /* operationqueue.hpp */ = {isa = PBXFileReference; fileEncoding = 4; lastKnownFileType = sourcecode.cpp.h; path = operationqueue.hpp; sourceTree = "<group>"; };
		ED0AF09E223807FE00E3E7FC /* mainloop.cpp */ = {isa = PBXFileReference; fileEncoding = 4; lastKnownFileType = sourcecode.cpp.cpp; path = mainloop.cpp; sourceTree = "<group>"; };
		ED0AF09F223807FE00E3E7FC /* pwm.hpp */ = {isa = PBXFileReference; fileEncoding = 4; lastKnownFileType = sourcecode.cpp.h; path = pwm.hpp; sourceTree = "<group>"; };
		ED0AF0A0223807FE00E3E7FC /* Kconfig */ = {isa = PBXFileReference; fileEncoding = 4; lastKnownFileType = text; path = Kconfig; sourceTree = "<group>"; };
		ED0AF0A1223807FE00E3E7FC /* jsoncomm.hpp */ = {isa = PBXFileReference; fileEncoding = 4; lastKnownFileType = sourcecode.cpp.h; path = jsoncomm.hpp; sourceTree = "<group>"; };
		ED0AF0A2223807FE00E3E7FC /* socketcomm.hpp */ = {isa = PBXFileReference; fileEncoding = 4; lastKnownFileType = sourcecode.cpp.h; path = socketcomm.hpp; sourceTree = "<group>"; };
		ED0AF0AF223807FE00E3E7FC /* gpio.cpp */ = {isa = PBXFileReference; fileEncoding = 4; lastKnownFileType = sourcecode.cpp.cpp; path = gpio.cpp; sourceTree = "<group>"; };
		ED0AF0B0223807FE00E3E7FC /* valueunits.hpp */ = {isa = PBXFileReference; fileEncoding = 4; lastKnownFileType = sourcecode.cpp.h; path = valueunits.hpp; sourceTree = "<group>"; };
		ED0AF0B2223807FE00E3E7FC /* p44utils_common.hpp */ = {isa = PBXFileReference; fileEncoding = 4; lastKnownFileType = sourcecode.cpp.h; path = p44utils_common.hpp; sourceTree = "<group>"; };
		ED0AF0B3223807FE00E3E7FC /* jsonrpccomm.cpp */ = {isa = PBXFileReference; fileEncoding = 4; lastKnownFileType = sourcecode.cpp.cpp; path = jsonrpccomm.cpp; sourceTree = "<group>"; };
		ED0AF0B4223807FE00E3E7FC /* digitalio.cpp */ = {isa = PBXFileReference; fileEncoding = 4; lastKnownFileType = sourcecode.cpp.cpp; path = digitalio.cpp; sourceTree = "<group>"; };
		ED0AF0B5223807FE00E3E7FC /* error.hpp */ = {isa = PBXFileReference; fileEncoding = 4; lastKnownFileType = sourcecode.cpp.h; path = error.hpp; sourceTree = "<group>"; };
		ED0AF0B6223807FE00E3E7FC /* spi.cpp */ = {isa = PBXFileReference; fileEncoding = 4; lastKnownFileType = sourcecode.cpp.cpp; path = spi.cpp; sourceTree = "<group>"; };
		ED0AF0B7223807FE00E3E7FC /* fdcomm.hpp */ = {isa = PBXFileReference; fileEncoding = 4; lastKnownFileType = sourcecode.cpp.h; path = fdcomm.hpp; sourceTree = "<group>"; };
		ED0AF0B8223807FE00E3E7FC /* README.md */ = {isa = PBXFileReference; fileEncoding = 4; lastKnownFileType = net.daringfireball.markdown; path = README.md; sourceTree = "<group>"; };
		ED0AF0B9223807FE00E3E7FC /* analogio.hpp */ = {isa = PBXFileReference; fileEncoding = 4; lastKnownFileType = sourcecode.cpp.h; path = analogio.hpp; sourceTree = "<group>"; };
		ED0AF0BA223807FE00E3E7FC /* expressions.hpp */ = {isa = PBXFileReference; fileEncoding = 4; lastKnownFileType = sourcecode.cpp.h; path = expressions.hpp; sourceTree = "<group>"; };
		ED0AF0BB223807FE00E3E7FC /* operationqueue.cpp */ = {isa = PBXFileReference; fileEncoding = 4; lastKnownFileType = sourcecode.cpp.cpp; path = operationqueue.cpp; sourceTree = "<group>"; };
		ED0AF0BC223807FE00E3E7FC /* mainloop.hpp */ = {isa = PBXFileReference; fileEncoding = 4; lastKnownFileType = sourcecode.cpp.h; path = mainloop.hpp; sourceTree = "<group>"; };
		ED0AF0BD223807FE00E3E7FC /* crc32.hpp */ = {isa = PBXFileReference; fileEncoding = 4; lastKnownFileType = sourcecode.cpp.h; path = crc32.hpp; sourceTree = "<group>"; };
		ED0AF0BE223807FE00E3E7FC /* macaddress.hpp */ = {isa = PBXFileReference; fileEncoding = 4; lastKnownFileType = sourcecode.cpp.h; path = macaddress.hpp; sourceTree = "<group>"; };
		ED0AF0BF223807FE00E3E7FC /* pwm.cpp */ = {isa = PBXFileReference; fileEncoding = 4; lastKnownFileType = sourcecode.cpp.cpp; path = pwm.cpp; sourceTree = "<group>"; };
		ED0AF0C0223807FE00E3E7FC /* jsoncomm.cpp */ = {isa = PBXFileReference; fileEncoding = 4; lastKnownFileType = sourcecode.cpp.cpp; path = jsoncomm.cpp; sourceTree = "<group>"; };
		ED0AF0C2223807FE00E3E7FC /* socketcomm.cpp */ = {isa = PBXFileReference; fileEncoding = 4; lastKnownFileType = sourcecode.cpp.cpp; path = socketcomm.cpp; sourceTree = "<group>"; };
		ED0AF0C3223807FE00E3E7FC /* valueunits.cpp */ = {isa = PBXFileReference; fileEncoding = 4; lastKnownFileType = sourcecode.cpp.cpp; path = valueunits.cpp; sourceTree = "<group>"; };
		ED0AF0C4223807FE00E3E7FC /* gpio.hpp */ = {isa = PBXFileReference; fileEncoding = 4; lastKnownFileType = sourcecode.cpp.h; path = gpio.hpp; sourceTree = "<group>"; };
		ED0AF0C5223807FE00E3E7FC /* gpio.h */ = {isa = PBXFileReference; fileEncoding = 4; lastKnownFileType = sourcecode.c.h; path = gpio.h; sourceTree = "<group>"; };
		ED0AF0C6223807FE00E3E7FC /* jsonrpccomm.hpp */ = {isa = PBXFileReference; fileEncoding = 4; lastKnownFileType = sourcecode.cpp.h; path = jsonrpccomm.hpp; sourceTree = "<group>"; };
		ED0AF0C7223807FE00E3E7FC /* digitalio.hpp */ = {isa = PBXFileReference; fileEncoding = 4; lastKnownFileType = sourcecode.cpp.h; path = digitalio.hpp; sourceTree = "<group>"; };
		ED0AF0C8223807FE00E3E7FC /* iopin.cpp */ = {isa = PBXFileReference; fileEncoding = 4; lastKnownFileType = sourcecode.cpp.cpp; path = iopin.cpp; sourceTree = "<group>"; };
		ED0AF0C9223807FE00E3E7FC /* logger.cpp */ = {isa = PBXFileReference; fileEncoding = 4; lastKnownFileType = sourcecode.cpp.cpp; path = logger.cpp; sourceTree = "<group>"; };
		ED0AF0CA223807FE00E3E7FC /* application.cpp */ = {isa = PBXFileReference; fileEncoding = 4; lastKnownFileType = sourcecode.cpp.cpp; path = application.cpp; sourceTree = "<group>"; };
		ED0AF0CB223807FE00E3E7FC /* i2c.hpp */ = {isa = PBXFileReference; fileEncoding = 4; lastKnownFileType = sourcecode.cpp.h; path = i2c.hpp; sourceTree = "<group>"; };
		ED0AF0CC223807FE00E3E7FC /* utils.hpp */ = {isa = PBXFileReference; fileEncoding = 4; lastKnownFileType = sourcecode.cpp.h; path = utils.hpp; sourceTree = "<group>"; };
		ED0AF0CD223807FE00E3E7FC /* jsonobject.cpp */ = {isa = PBXFileReference; fileEncoding = 4; lastKnownFileType = sourcecode.cpp.cpp; path = jsonobject.cpp; sourceTree = "<group>"; };
		ED0AF0CE223807FE00E3E7FC /* fnv.cpp */ = {isa = PBXFileReference; fileEncoding = 4; lastKnownFileType = sourcecode.cpp.cpp; path = fnv.cpp; sourceTree = "<group>"; };
		ED0AF0CF223807FE00E3E7FC /* httpcomm.hpp */ = {isa = PBXFileReference; fileEncoding = 4; lastKnownFileType = sourcecode.cpp.h; path = httpcomm.hpp; sourceTree = "<group>"; };
		ED0AF0D0223807FE00E3E7FC /* serialcomm.hpp */ = {isa = PBXFileReference; fileEncoding = 4; lastKnownFileType = sourcecode.cpp.h; path = serialcomm.hpp; sourceTree = "<group>"; };
		ED0AF0D1223807FE00E3E7FC /* consolekey.hpp */ = {isa = PBXFileReference; fileEncoding = 4; lastKnownFileType = sourcecode.cpp.h; path = consolekey.hpp; sourceTree = "<group>"; };
		ED0AF0D2223807FE00E3E7FC /* ledchaincomm.hpp */ = {isa = PBXFileReference; fileEncoding = 4; lastKnownFileType = sourcecode.cpp.h; path = ledchaincomm.hpp; sourceTree = "<group>"; };
		ED0AF0D6223807FF00E3E7FC /* sqlite3pp.h */ = {isa = PBXFileReference; fileEncoding = 4; lastKnownFileType = sourcecode.c.h; path = sqlite3pp.h; sourceTree = "<group>"; };
		ED0AF0D7223807FF00E3E7FC /* sqlite3ppext.cpp */ = {isa = PBXFileReference; fileEncoding = 4; lastKnownFileType = sourcecode.cpp.cpp; path = sqlite3ppext.cpp; sourceTree = "<group>"; };
		ED0AF0DC223807FF00E3E7FC /* sqlite3ppext.h */ = {isa = PBXFileReference; fileEncoding = 4; lastKnownFileType = sourcecode.c.h; path = sqlite3ppext.h; sourceTree = "<group>"; };
		ED0AF0DD223807FF00E3E7FC /* sqlite3pp.cpp */ = {isa = PBXFileReference; fileEncoding = 4; lastKnownFileType = sourcecode.cpp.cpp; path = sqlite3pp.cpp; sourceTree = "<group>"; };
		ED0AF0FC223807FF00E3E7FC /* slre.c */ = {isa = PBXFileReference; fileEncoding = 4; lastKnownFileType = sourcecode.c.c; path = slre.c; sourceTree = "<group>"; };
		ED0AF0FD223807FF00E3E7FC /* slre.h */ = {isa = PBXFileReference; fileEncoding = 4; lastKnownFileType = sourcecode.c.h; path = slre.h; sourceTree = "<group>"; };
		ED0AF0FE223807FF00E3E7FC /* ssdpsearch.cpp */ = {isa = PBXFileReference; fileEncoding = 4; lastKnownFileType = sourcecode.cpp.cpp; path = ssdpsearch.cpp; sourceTree = "<group>"; };
		ED0AF0FF223807FF00E3E7FC /* persistentparams.cpp */ = {isa = PBXFileReference; fileEncoding = 4; lastKnownFileType = sourcecode.cpp.cpp; path = persistentparams.cpp; sourceTree = "<group>"; };
		ED0AF100223807FF00E3E7FC /* p44obj.cpp */ = {isa = PBXFileReference; fileEncoding = 4; lastKnownFileType = sourcecode.cpp.cpp; path = p44obj.cpp; sourceTree = "<group>"; };
		ED0AF101223807FF00E3E7FC /* regexp.hpp */ = {isa = PBXFileReference; fileEncoding = 4; lastKnownFileType = sourcecode.cpp.h; path = regexp.hpp; sourceTree = "<group>"; };
		ED0AF102223807FF00E3E7FC /* serialqueue.cpp */ = {isa = PBXFileReference; fileEncoding = 4; lastKnownFileType = sourcecode.cpp.cpp; path = serialqueue.cpp; sourceTree = "<group>"; };
		ED0AF103223807FF00E3E7FC /* colorutils.hpp */ = {isa = PBXFileReference; fileEncoding = 4; lastKnownFileType = sourcecode.cpp.h; path = colorutils.hpp; sourceTree = "<group>"; };
		ED0AF104223807FF00E3E7FC /* jsonwebclient.cpp */ = {isa = PBXFileReference; fileEncoding = 4; lastKnownFileType = sourcecode.cpp.cpp; path = jsonwebclient.cpp; sourceTree = "<group>"; };
		ED0AF105223807FF00E3E7FC /* sqlite3persistence.cpp */ = {isa = PBXFileReference; fileEncoding = 4; lastKnownFileType = sourcecode.cpp.cpp; path = sqlite3persistence.cpp; sourceTree = "<group>"; };
		ED0AF106223807FF00E3E7FC /* igmp.cpp */ = {isa = PBXFileReference; fileEncoding = 4; lastKnownFileType = sourcecode.cpp.cpp; path = igmp.cpp; sourceTree = "<group>"; };
		ED0AF1522238199B00E3E7FC /* p44btdmx_main.cpp */ = {isa = PBXFileReference; fileEncoding = 4; lastKnownFileType = sourcecode.cpp.cpp; path = p44btdmx_main.cpp; sourceTree = "<group>"; };
		ED0AF1542239592000E3E7FC /* esp_main.c */ = {isa = PBXFileReference; fileEncoding = 4; lastKnownFileType = sourcecode.c.c; path = esp_main.c; sourceTree = "<group>"; };
		ED0AF158223969B700E3E7FC /* esp32_ws281x.c */ = {isa = PBXFileReference; fileEncoding = 4; lastKnownFileType = sourcecode.c.c; path = esp32_ws281x.c; sourceTree = "<group>"; };
		ED0AF159223969B700E3E7FC /* esp32_ws281x.h */ = {isa = PBXFileReference; fileEncoding = 4; lastKnownFileType = sourcecode.c.h; path = esp32_ws281x.h; sourceTree = "<group>"; };
		ED0AF15C22397D0800E3E7FC /* wifi_init.h */ = {isa = PBXFileReference; lastKnownFileType = sourcecode.c.h; path = wifi_init.h; sourceTree = "<group>"; };
		ED0AF15D22397D0800E3E7FC /* wifi_init.c */ = {isa = PBXFileReference; lastKnownFileType = sourcecode.c.c; path = wifi_init.c; sourceTree = "<group>"; };
		ED0AF160223A97EB00E3E7FC /* random_seed.c */ = {isa = PBXFileReference; lastKnownFileType = sourcecode.c.c; path = random_seed.c; sourceTree = "<group>"; };
		ED0AF161223A97EB00E3E7FC /* printbuf.h */ = {isa = PBXFileReference; lastKnownFileType = sourcecode.c.h; path = printbuf.h; sourceTree = "<group>"; };
		ED0AF162223A97EB00E3E7FC /* math_compat.h */ = {isa = PBXFileReference; lastKnownFileType = sourcecode.c.h; path = math_compat.h; sourceTree = "<group>"; };
		ED0AF164223A97EB00E3E7FC /* debug.h */ = {isa = PBXFileReference; lastKnownFileType = sourcecode.c.h; path = debug.h; sourceTree = "<group>"; };
		ED0AF166223A97EB00E3E7FC /* INSTALL */ = {isa = PBXFileReference; lastKnownFileType = text; path = INSTALL; sourceTree = "<group>"; };
		ED0AF169223A97EB00E3E7FC /* json_c_version.c */ = {isa = PBXFileReference; lastKnownFileType = sourcecode.c.c; path = json_c_version.c; sourceTree = "<group>"; };
		ED0AF16A223A97EB00E3E7FC /* ChangeLog */ = {isa = PBXFileReference; lastKnownFileType = text; path = ChangeLog; sourceTree = "<group>"; };
		ED0AF16B223A97EB00E3E7FC /* AUTHORS */ = {isa = PBXFileReference; lastKnownFileType = text; path = AUTHORS; sourceTree = "<group>"; };
		ED0AF16C223A97EB00E3E7FC /* json_object_iterator.c */ = {isa = PBXFileReference; lastKnownFileType = sourcecode.c.c; path = json_object_iterator.c; sourceTree = "<group>"; };
		ED0AF16D223A97EB00E3E7FC /* linkhash.c */ = {isa = PBXFileReference; lastKnownFileType = sourcecode.c.c; path = linkhash.c; sourceTree = "<group>"; };
		ED0AF16E223A97EB00E3E7FC /* json_tokener.c */ = {isa = PBXFileReference; lastKnownFileType = sourcecode.c.c; path = json_tokener.c; sourceTree = "<group>"; };
		ED0AF171223A97EB00E3E7FC /* arraylist.c */ = {isa = PBXFileReference; lastKnownFileType = sourcecode.c.c; path = arraylist.c; sourceTree = "<group>"; };
		ED0AF1A3223A97EB00E3E7FC /* json_object.c */ = {isa = PBXFileReference; lastKnownFileType = sourcecode.c.c; path = json_object.c; sourceTree = "<group>"; };
		ED0AF1A7223A97EB00E3E7FC /* json_config.h */ = {isa = PBXFileReference; lastKnownFileType = sourcecode.c.h; path = json_config.h; sourceTree = "<group>"; };
		ED0AF1A8223A97EB00E3E7FC /* libjson.c */ = {isa = PBXFileReference; lastKnownFileType = sourcecode.c.c; path = libjson.c; sourceTree = "<group>"; };
		ED0AF1AA223A97EB00E3E7FC /* json_util.h */ = {isa = PBXFileReference; lastKnownFileType = sourcecode.c.h; path = json_util.h; sourceTree = "<group>"; };
		ED0AF1AD223A97EB00E3E7FC /* README */ = {isa = PBXFileReference; lastKnownFileType = text; path = README; sourceTree = "<group>"; };
		ED0AF1AF223A97EB00E3E7FC /* debug.c */ = {isa = PBXFileReference; lastKnownFileType = sourcecode.c.c; path = debug.c; sourceTree = "<group>"; };
		ED0AF1B1223A97EB00E3E7FC /* COPYING */ = {isa = PBXFileReference; lastKnownFileType = text; path = COPYING; sourceTree = "<group>"; };
		ED0AF1B2223A97EB00E3E7FC /* printbuf.c */ = {isa = PBXFileReference; lastKnownFileType = sourcecode.c.c; path = printbuf.c; sourceTree = "<group>"; };
		ED0AF1B3223A97EB00E3E7FC /* compile */ = {isa = PBXFileReference; lastKnownFileType = text.script.sh; path = compile; sourceTree = "<group>"; };
		ED0AF1B4223A97EB00E3E7FC /* NEWS */ = {isa = PBXFileReference; lastKnownFileType = text; path = NEWS; sourceTree = "<group>"; };
		ED0AF1B5223A97EB00E3E7FC /* random_seed.h */ = {isa = PBXFileReference; lastKnownFileType = sourcecode.c.h; path = random_seed.h; sourceTree = "<group>"; };
		ED0AF1B6223A97EB00E3E7FC /* json.h */ = {isa = PBXFileReference; lastKnownFileType = sourcecode.c.h; path = json.h; sourceTree = "<group>"; };
		ED0AF1B7223A97EB00E3E7FC /* json_c_version.h */ = {isa = PBXFileReference; lastKnownFileType = sourcecode.c.h; path = json_c_version.h; sourceTree = "<group>"; };
		ED0AF1B8223A97EB00E3E7FC /* json_object_private.h */ = {isa = PBXFileReference; lastKnownFileType = sourcecode.c.h; path = json_object_private.h; sourceTree = "<group>"; };
		ED0AF1BD223A97EB00E3E7FC /* arraylist.h */ = {isa = PBXFileReference; lastKnownFileType = sourcecode.c.h; path = arraylist.h; sourceTree = "<group>"; };
		ED0AF1BF223A97EB00E3E7FC /* linkhash.h */ = {isa = PBXFileReference; lastKnownFileType = sourcecode.c.h; path = linkhash.h; sourceTree = "<group>"; };
		ED0AF1C1223A97EB00E3E7FC /* json_tokener.h */ = {isa = PBXFileReference; lastKnownFileType = sourcecode.c.h; path = json_tokener.h; sourceTree = "<group>"; };
		ED0AF1C2223A97EB00E3E7FC /* json_object_iterator.h */ = {isa = PBXFileReference; lastKnownFileType = sourcecode.c.h; path = json_object_iterator.h; sourceTree = "<group>"; };
		ED0AF1C5223A97EB00E3E7FC /* json_util.c */ = {isa = PBXFileReference; lastKnownFileType = sourcecode.c.c; path = json_util.c; sourceTree = "<group>"; };
		ED0AF1C6223A97EB00E3E7FC /* json_inttypes.h */ = {isa = PBXFileReference; lastKnownFileType = sourcecode.c.h; path = json_inttypes.h; sourceTree = "<group>"; };
		ED0AF1C7223A97EB00E3E7FC /* bits.h */ = {isa = PBXFileReference; lastKnownFileType = sourcecode.c.h; path = bits.h; sourceTree = "<group>"; };
		ED0AF1C8223A97EB00E3E7FC /* json_object.h */ = {isa = PBXFileReference; lastKnownFileType = sourcecode.c.h; path = json_object.h; sourceTree = "<group>"; };
		ED0AF1CA223AA68000E3E7FC /* config.h */ = {isa = PBXFileReference; lastKnownFileType = sourcecode.c.h; path = config.h; sourceTree = "<group>"; };
		ED2F6E6325880A050094D892 /* CMakeLists.txt */ = {isa = PBXFileReference; lastKnownFileType = text; path = CMakeLists.txt; sourceTree = "<group>"; };
		ED2F6E6425880A050094D892 /* partitions.csv */ = {isa = PBXFileReference; lastKnownFileType = text; path = partitions.csv; sourceTree = "<group>"; };
		ED2F6E6525880A120094D892 /* Kconfig.projbuild */ = {isa = PBXFileReference; lastKnownFileType = text; path = Kconfig.projbuild; sourceTree = "<group>"; };
		EDD45BEC259A2F9A00964B6F /* esp_dmx_rx.cpp */ = {isa = PBXFileReference; lastKnownFileType = sourcecode.cpp.cpp; path = esp_dmx_rx.cpp; sourceTree = "<group>"; };
		EDD45BED259A2F9A00964B6F /* esp_dmx_rx.hpp */ = {isa = PBXFileReference; lastKnownFileType = sourcecode.cpp.h; path = esp_dmx_rx.hpp; sourceTree = "<group>"; };
		EDE91E31257E623C00AFEAE8 /* p44utils_config.hpp */ = {isa = PBXFileReference; fileEncoding = 4; lastKnownFileType = sourcecode.cpp.h; path = p44utils_config.hpp; sourceTree = "<group>"; };
		EDE91E32257E8AFD00AFEAE8 /* p44script.cpp */ = {isa = PBXFileReference; fileEncoding = 4; lastKnownFileType = sourcecode.cpp.cpp; path = p44script.cpp; sourceTree = "<group>"; };
		EDE91E33257E8AFD00AFEAE8 /* valueanimator.cpp */ = {isa = PBXFileReference; fileEncoding = 4; lastKnownFileType = sourcecode.cpp.cpp; path = valueanimator.cpp; sourceTree = "<group>"; };
		EDE91E34257E8AFD00AFEAE8 /* dcmotor.hpp */ = {isa = PBXFileReference; fileEncoding = 4; lastKnownFileType = sourcecode.cpp.h; path = dcmotor.hpp; sourceTree = "<group>"; };
		EDE91E35257E8AFE00AFEAE8 /* timeutils.hpp */ = {isa = PBXFileReference; fileEncoding = 4; lastKnownFileType = sourcecode.cpp.h; path = timeutils.hpp; sourceTree = "<group>"; };
		EDE91E36257E8AFE00AFEAE8 /* p44script.hpp */ = {isa = PBXFileReference; fileEncoding = 4; lastKnownFileType = sourcecode.cpp.h; path = p44script.hpp; sourceTree = "<group>"; };
		EDE91E37257E8AFE00AFEAE8 /* p44utils_config_TEMPLATE.hpp */ = {isa = PBXFileReference; fileEncoding = 4; lastKnownFileType = sourcecode.cpp.h; path = p44utils_config_TEMPLATE.hpp; sourceTree = "<group>"; };
		EDE91E38257E8AFE00AFEAE8 /* CMakeLists.txt */ = {isa = PBXFileReference; fileEncoding = 4; lastKnownFileType = text; path = CMakeLists.txt; sourceTree = "<group>"; };
		EDE91E39257E8AFE00AFEAE8 /* dcmotor.cpp */ = {isa = PBXFileReference; fileEncoding = 4; lastKnownFileType = sourcecode.cpp.cpp; path = dcmotor.cpp; sourceTree = "<group>"; };
		EDE91E3A257E8AFE00AFEAE8 /* timeutils.cpp */ = {isa = PBXFileReference; fileEncoding = 4; lastKnownFileType = sourcecode.cpp.cpp; path = timeutils.cpp; sourceTree = "<group>"; };
		EDE91E3B257E8AFE00AFEAE8 /* extutils.hpp */ = {isa = PBXFileReference; fileEncoding = 4; lastKnownFileType = sourcecode.cpp.h; path = extutils.hpp; sourceTree = "<group>"; };
		EDE91E3C257E8AFE00AFEAE8 /* extutils.cpp */ = {isa = PBXFileReference; fileEncoding = 4; lastKnownFileType = sourcecode.cpp.cpp; path = extutils.cpp; sourceTree = "<group>"; };
		EDE91E3D257E8AFE00AFEAE8 /* p44utils_minimal.hpp */ = {isa = PBXFileReference; fileEncoding = 4; lastKnownFileType = sourcecode.cpp.h; path = p44utils_minimal.hpp; sourceTree = "<group>"; };
		EDE91E3E257E8AFE00AFEAE8 /* valueanimator.hpp */ = {isa = PBXFileReference; fileEncoding = 4; lastKnownFileType = sourcecode.cpp.h; path = valueanimator.hpp; sourceTree = "<group>"; };
		EDE91E46257ED6F200AFEAE8 /* lifeview.hpp */ = {isa = PBXFileReference; fileEncoding = 4; lastKnownFileType = sourcecode.cpp.h; path = lifeview.hpp; sourceTree = "<group>"; };
		EDE91E47257ED6F200AFEAE8 /* p44lrg_config_TEMPLATE.hpp */ = {isa = PBXFileReference; fileEncoding = 4; lastKnownFileType = sourcecode.cpp.h; path = p44lrg_config_TEMPLATE.hpp; sourceTree = "<group>"; };
		EDE91E48257ED6F200AFEAE8 /* torchview.hpp */ = {isa = PBXFileReference; fileEncoding = 4; lastKnownFileType = sourcecode.cpp.h; path = torchview.hpp; sourceTree = "<group>"; };
		EDE91E49257ED6F200AFEAE8 /* CMakeLists.txt */ = {isa = PBXFileReference; fileEncoding = 4; lastKnownFileType = text; path = CMakeLists.txt; sourceTree = "<group>"; };
		EDE91E4B257ED6F200AFEAE8 /* coloreffectview.cpp */ = {isa = PBXFileReference; fileEncoding = 4; lastKnownFileType = sourcecode.cpp.cpp; path = coloreffectview.cpp; sourceTree = "<group>"; };
		EDE91E4C257ED6F200AFEAE8 /* lightspotview.cpp */ = {isa = PBXFileReference; fileEncoding = 4; lastKnownFileType = sourcecode.cpp.cpp; path = lightspotview.cpp; sourceTree = "<group>"; };
		EDE91E4D257ED6F200AFEAE8 /* viewstack.hpp */ = {isa = PBXFileReference; fileEncoding = 4; lastKnownFileType = sourcecode.cpp.h; path = viewstack.hpp; sourceTree = "<group>"; };
		EDE91E4E257ED6F200AFEAE8 /* epxview.cpp */ = {isa = PBXFileReference; fileEncoding = 4; lastKnownFileType = sourcecode.cpp.cpp; path = epxview.cpp; sourceTree = "<group>"; };
		EDE91E4F257ED6F200AFEAE8 /* canvasview.hpp */ = {isa = PBXFileReference; fileEncoding = 4; lastKnownFileType = sourcecode.cpp.h; path = canvasview.hpp; sourceTree = "<group>"; };
		EDE91E50257ED6F200AFEAE8 /* Kconfig */ = {isa = PBXFileReference; fileEncoding = 4; lastKnownFileType = text; path = Kconfig; sourceTree = "<group>"; };
		EDE91E51257ED6F200AFEAE8 /* viewfactory.hpp */ = {isa = PBXFileReference; fileEncoding = 4; lastKnownFileType = sourcecode.cpp.h; path = viewfactory.hpp; sourceTree = "<group>"; };
		EDE91E53257ED6F200AFEAE8 /* viewscroller.cpp */ = {isa = PBXFileReference; fileEncoding = 4; lastKnownFileType = sourcecode.cpp.cpp; path = viewscroller.cpp; sourceTree = "<group>"; };
		EDE91E54257ED6F200AFEAE8 /* p44view.hpp */ = {isa = PBXFileReference; fileEncoding = 4; lastKnownFileType = sourcecode.cpp.h; path = p44view.hpp; sourceTree = "<group>"; };
		EDE91E55257ED6F200AFEAE8 /* textview.hpp */ = {isa = PBXFileReference; fileEncoding = 4; lastKnownFileType = sourcecode.cpp.h; path = textview.hpp; sourceTree = "<group>"; };
		EDE91E56257ED6F200AFEAE8 /* imageview.cpp */ = {isa = PBXFileReference; fileEncoding = 4; lastKnownFileType = sourcecode.cpp.cpp; path = imageview.cpp; sourceTree = "<group>"; };
		EDE91E57257ED6F200AFEAE8 /* viewsequencer.hpp */ = {isa = PBXFileReference; fileEncoding = 4; lastKnownFileType = sourcecode.cpp.h; path = viewsequencer.hpp; sourceTree = "<group>"; };
		EDE91E58257ED6F200AFEAE8 /* README.md */ = {isa = PBXFileReference; fileEncoding = 4; lastKnownFileType = net.daringfireball.markdown; path = README.md; sourceTree = "<group>"; };
		EDE91E59257ED6F200AFEAE8 /* epxview.hpp */ = {isa = PBXFileReference; fileEncoding = 4; lastKnownFileType = sourcecode.cpp.h; path = epxview.hpp; sourceTree = "<group>"; };
		EDE91E5A257ED6F200AFEAE8 /* viewstack.cpp */ = {isa = PBXFileReference; fileEncoding = 4; lastKnownFileType = sourcecode.cpp.cpp; path = viewstack.cpp; sourceTree = "<group>"; };
		EDE91E5B257ED6F200AFEAE8 /* canvasview.cpp */ = {isa = PBXFileReference; fileEncoding = 4; lastKnownFileType = sourcecode.cpp.cpp; path = canvasview.cpp; sourceTree = "<group>"; };
		EDE91E5D257ED6F200AFEAE8 /* viewfactory.cpp */ = {isa = PBXFileReference; fileEncoding = 4; lastKnownFileType = sourcecode.cpp.cpp; path = viewfactory.cpp; sourceTree = "<group>"; };
		EDE91E5E257ED6F200AFEAE8 /* p44lrg_common.hpp */ = {isa = PBXFileReference; fileEncoding = 4; lastKnownFileType = sourcecode.cpp.h; path = p44lrg_common.hpp; sourceTree = "<group>"; };
		EDE91E5F257ED6F200AFEAE8 /* viewscroller.hpp */ = {isa = PBXFileReference; fileEncoding = 4; lastKnownFileType = sourcecode.cpp.h; path = viewscroller.hpp; sourceTree = "<group>"; };
		EDE91E62257ED6F200AFEAE8 /* p44view.cpp */ = {isa = PBXFileReference; fileEncoding = 4; lastKnownFileType = sourcecode.cpp.cpp; path = p44view.cpp; sourceTree = "<group>"; };
		EDE91E63257ED6F200AFEAE8 /* textview.cpp */ = {isa = PBXFileReference; fileEncoding = 4; lastKnownFileType = sourcecode.cpp.cpp; path = textview.cpp; sourceTree = "<group>"; };
		EDE91E64257ED6F200AFEAE8 /* viewsequencer.cpp */ = {isa = PBXFileReference; fileEncoding = 4; lastKnownFileType = sourcecode.cpp.cpp; path = viewsequencer.cpp; sourceTree = "<group>"; };
		EDE91E65257ED6F200AFEAE8 /* imageview.hpp */ = {isa = PBXFileReference; fileEncoding = 4; lastKnownFileType = sourcecode.cpp.h; path = imageview.hpp; sourceTree = "<group>"; };
		EDE91E66257ED6F200AFEAE8 /* lifeview.cpp */ = {isa = PBXFileReference; fileEncoding = 4; lastKnownFileType = sourcecode.cpp.cpp; path = lifeview.cpp; sourceTree = "<group>"; };
		EDE91E67257ED6F200AFEAE8 /* torchview.cpp */ = {isa = PBXFileReference; fileEncoding = 4; lastKnownFileType = sourcecode.cpp.cpp; path = torchview.cpp; sourceTree = "<group>"; };
		EDE91E68257ED6F200AFEAE8 /* coloreffectview.hpp */ = {isa = PBXFileReference; fileEncoding = 4; lastKnownFileType = sourcecode.cpp.h; path = coloreffectview.hpp; sourceTree = "<group>"; };
		EDE91E69257ED6F200AFEAE8 /* lightspotview.hpp */ = {isa = PBXFileReference; fileEncoding = 4; lastKnownFileType = sourcecode.cpp.h; path = lightspotview.hpp; sourceTree = "<group>"; };
		EDE91E7D257F90E100AFEAE8 /* p44lrg_config.hpp */ = {isa = PBXFileReference; fileEncoding = 4; lastKnownFileType = sourcecode.cpp.h; path = p44lrg_config.hpp; sourceTree = "<group>"; };
		EDE91E8C257FE59D00AFEAE8 /* esp_bt.cpp */ = {isa = PBXFileReference; lastKnownFileType = sourcecode.cpp.cpp; path = esp_bt.cpp; sourceTree = "<group>"; };
		EDE91E8D257FE59D00AFEAE8 /* esp_bt.hpp */ = {isa = PBXFileReference; lastKnownFileType = sourcecode.cpp.h; path = esp_bt.hpp; sourceTree = "<group>"; };
		EDE91E96257FFFB200AFEAE8 /* CMakeLists.txt */ = {isa = PBXFileReference; fileEncoding = 4; lastKnownFileType = text; path = CMakeLists.txt; sourceTree = "<group>"; };
		EDE91E972580E81300AFEAE8 /* p44btdmx.cpp */ = {isa = PBXFileReference; fileEncoding = 4; lastKnownFileType = sourcecode.cpp.cpp; path = p44btdmx.cpp; sourceTree = "<group>"; };
		EDE91E982580E81300AFEAE8 /* p44btdmx.hpp */ = {isa = PBXFileReference; fileEncoding = 4; lastKnownFileType = sourcecode.cpp.h; path = p44btdmx.hpp; sourceTree = "<group>"; };
		EDE920E22582341000AFEAE8 /* pwmlight.hpp */ = {isa = PBXFileReference; fileEncoding = 4; lastKnownFileType = sourcecode.cpp.h; path = pwmlight.hpp; sourceTree = "<group>"; };
		EDE920E32582341000AFEAE8 /* p44lrglight.hpp */ = {isa = PBXFileReference; fileEncoding = 4; lastKnownFileType = sourcecode.cpp.h; path = p44lrglight.hpp; sourceTree = "<group>"; };
		EDE920E42582341000AFEAE8 /* p44lrglight.cpp */ = {isa = PBXFileReference; fileEncoding = 4; lastKnownFileType = sourcecode.cpp.cpp; path = p44lrglight.cpp; sourceTree = "<group>"; };
		EDE920E52582341000AFEAE8 /* pwmlight.cpp */ = {isa = PBXFileReference; fileEncoding = 4; lastKnownFileType = sourcecode.cpp.cpp; path = pwmlight.cpp; sourceTree = "<group>"; };
/* End PBXFileReference section */

/* Begin PBXFrameworksBuildPhase section */
		ED0AF073223807CC00E3E7FC /* Frameworks */ = {
			isa = PBXFrameworksBuildPhase;
			buildActionMask = 2147483647;
			files = (
			);
			runOnlyForDeploymentPostprocessing = 0;
		};
/* End PBXFrameworksBuildPhase section */

/* Begin PBXGroup section */
		ED0AF06D223807CC00E3E7FC = {
			isa = PBXGroup;
			children = (
				ED2F6E6325880A050094D892 /* CMakeLists.txt */,
				ED2F6E6425880A050094D892 /* partitions.csv */,
				ED0AF080223807FE00E3E7FC /* components */,
				ED0AF1462238092800E3E7FC /* main */,
				ED0AF077223807CC00E3E7FC /* Products */,
			);
			sourceTree = "<group>";
		};
		ED0AF077223807CC00E3E7FC /* Products */ = {
			isa = PBXGroup;
			children = (
				ED0AF076223807CC00E3E7FC /* p44btdmx_controller */,
			);
			name = Products;
			sourceTree = "<group>";
		};
		ED0AF080223807FE00E3E7FC /* components */ = {
			isa = PBXGroup;
			children = (
				ED0AF081223807FE00E3E7FC /* p44utils */,
				EDE91E45257ED6F200AFEAE8 /* p44lrgraphics */,
			);
			path = components;
			sourceTree = "<group>";
		};
		ED0AF081223807FE00E3E7FC /* p44utils */ = {
			isa = PBXGroup;
			children = (
				ED0AF0D3223807FF00E3E7FC /* thirdparty */,
				EDE91E38257E8AFE00AFEAE8 /* CMakeLists.txt */,
				ED0AF0A0223807FE00E3E7FC /* Kconfig */,
				EDE91E39257E8AFE00AFEAE8 /* dcmotor.cpp */,
				EDE91E34257E8AFD00AFEAE8 /* dcmotor.hpp */,
				EDE91E3C257E8AFE00AFEAE8 /* extutils.cpp */,
				EDE91E3B257E8AFE00AFEAE8 /* extutils.hpp */,
				EDE91E32257E8AFD00AFEAE8 /* p44script.cpp */,
				EDE91E36257E8AFE00AFEAE8 /* p44script.hpp */,
				EDE91E37257E8AFE00AFEAE8 /* p44utils_config_TEMPLATE.hpp */,
				EDE91E3D257E8AFE00AFEAE8 /* p44utils_minimal.hpp */,
				EDE91E3A257E8AFE00AFEAE8 /* timeutils.cpp */,
				EDE91E35257E8AFE00AFEAE8 /* timeutils.hpp */,
				EDE91E33257E8AFD00AFEAE8 /* valueanimator.cpp */,
				EDE91E3E257E8AFE00AFEAE8 /* valueanimator.hpp */,
				ED0AF0B2223807FE00E3E7FC /* p44utils_common.hpp */,
				ED0AF100223807FF00E3E7FC /* p44obj.cpp */,
				ED0AF08E223807FE00E3E7FC /* p44obj.hpp */,
				ED0AF0C9223807FE00E3E7FC /* logger.cpp */,
				ED0AF083223807FE00E3E7FC /* logger.hpp */,
				ED0AF098223807FE00E3E7FC /* error.cpp */,
				ED0AF0B5223807FE00E3E7FC /* error.hpp */,
				ED0AF09E223807FE00E3E7FC /* mainloop.cpp */,
				ED0AF0BC223807FE00E3E7FC /* mainloop.hpp */,
				ED0AF097223807FE00E3E7FC /* fdcomm.cpp */,
				ED0AF0B7223807FE00E3E7FC /* fdcomm.hpp */,
				ED0AF0CA223807FE00E3E7FC /* application.cpp */,
				ED0AF084223807FE00E3E7FC /* application.hpp */,
				ED0AF085223807FE00E3E7FC /* utils.cpp */,
				ED0AF0CC223807FE00E3E7FC /* utils.hpp */,
				ED0AF099223807FE00E3E7FC /* analogio.cpp */,
				ED0AF0B9223807FE00E3E7FC /* analogio.hpp */,
				ED0AF094223807FE00E3E7FC /* colorutils.cpp */,
				ED0AF103223807FF00E3E7FC /* colorutils.hpp */,
				ED0AF08B223807FE00E3E7FC /* consolekey.cpp */,
				ED0AF0D1223807FE00E3E7FC /* consolekey.hpp */,
				ED0AF09C223807FE00E3E7FC /* crc32.cpp */,
				ED0AF0BD223807FE00E3E7FC /* crc32.hpp */,
				ED0AF0B4223807FE00E3E7FC /* digitalio.cpp */,
				ED0AF0C7223807FE00E3E7FC /* digitalio.hpp */,
				ED0AF09A223807FE00E3E7FC /* expressions.cpp */,
				ED0AF0BA223807FE00E3E7FC /* expressions.hpp */,
				ED0AF0CE223807FE00E3E7FC /* fnv.cpp */,
				ED0AF087223807FE00E3E7FC /* fnv.hpp */,
				ED0AF0AF223807FE00E3E7FC /* gpio.cpp */,
				ED0AF0C5223807FE00E3E7FC /* gpio.h */,
				ED0AF0C4223807FE00E3E7FC /* gpio.hpp */,
				ED0AF089223807FE00E3E7FC /* httpcomm.cpp */,
				ED0AF0CF223807FE00E3E7FC /* httpcomm.hpp */,
				ED0AF086223807FE00E3E7FC /* i2c.cpp */,
				ED0AF0CB223807FE00E3E7FC /* i2c.hpp */,
				ED0AF106223807FF00E3E7FC /* igmp.cpp */,
				ED0AF095223807FE00E3E7FC /* igmp.hpp */,
				ED0AF0C8223807FE00E3E7FC /* iopin.cpp */,
				ED0AF082223807FE00E3E7FC /* iopin.hpp */,
				ED0AF0C0223807FE00E3E7FC /* jsoncomm.cpp */,
				ED0AF0A1223807FE00E3E7FC /* jsoncomm.hpp */,
				ED0AF0CD223807FE00E3E7FC /* jsonobject.cpp */,
				ED0AF088223807FE00E3E7FC /* jsonobject.hpp */,
				ED0AF0B3223807FE00E3E7FC /* jsonrpccomm.cpp */,
				ED0AF0C6223807FE00E3E7FC /* jsonrpccomm.hpp */,
				ED0AF104223807FF00E3E7FC /* jsonwebclient.cpp */,
				ED0AF093223807FE00E3E7FC /* jsonwebclient.hpp */,
				ED0AF08D223807FE00E3E7FC /* ledchaincomm.cpp */,
				ED0AF0D2223807FE00E3E7FC /* ledchaincomm.hpp */,
				ED0AF09B223807FE00E3E7FC /* macaddress.cpp */,
				ED0AF0BE223807FE00E3E7FC /* macaddress.hpp */,
				ED0AF0BB223807FE00E3E7FC /* operationqueue.cpp */,
				ED0AF09D223807FE00E3E7FC /* operationqueue.hpp */,
				ED0AF0FF223807FF00E3E7FC /* persistentparams.cpp */,
				ED0AF08F223807FE00E3E7FC /* persistentparams.hpp */,
				ED0AF0BF223807FE00E3E7FC /* pwm.cpp */,
				ED0AF09F223807FE00E3E7FC /* pwm.hpp */,
				ED0AF0B8223807FE00E3E7FC /* README.md */,
				ED0AF091223807FE00E3E7FC /* regexp.cpp */,
				ED0AF101223807FF00E3E7FC /* regexp.hpp */,
				ED0AF08A223807FE00E3E7FC /* serialcomm.cpp */,
				ED0AF0D0223807FE00E3E7FC /* serialcomm.hpp */,
				ED0AF102223807FF00E3E7FC /* serialqueue.cpp */,
				ED0AF090223807FE00E3E7FC /* serialqueue.hpp */,
				ED0AF0C2223807FE00E3E7FC /* socketcomm.cpp */,
				ED0AF0A2223807FE00E3E7FC /* socketcomm.hpp */,
				ED0AF0B6223807FE00E3E7FC /* spi.cpp */,
				ED0AF096223807FE00E3E7FC /* spi.hpp */,
				ED0AF105223807FF00E3E7FC /* sqlite3persistence.cpp */,
				ED0AF092223807FE00E3E7FC /* sqlite3persistence.hpp */,
				ED0AF0FE223807FF00E3E7FC /* ssdpsearch.cpp */,
				ED0AF08C223807FE00E3E7FC /* ssdpsearch.hpp */,
				ED0AF0C3223807FE00E3E7FC /* valueunits.cpp */,
				ED0AF0B0223807FE00E3E7FC /* valueunits.hpp */,
			);
			path = p44utils;
			sourceTree = "<group>";
		};
		ED0AF0D3223807FF00E3E7FC /* thirdparty */ = {
			isa = PBXGroup;
			children = (
				ED0AF15F223A97EB00E3E7FC /* json-c */,
				ED0AF157223969B700E3E7FC /* esp32_ws281x */,
				ED0AF0D4223807FF00E3E7FC /* sqlite3pp */,
				ED0AF0FB223807FF00E3E7FC /* slre */,
			);
			path = thirdparty;
			sourceTree = "<group>";
		};
		ED0AF0D4223807FF00E3E7FC /* sqlite3pp */ = {
			isa = PBXGroup;
			children = (
				ED0AF0D6223807FF00E3E7FC /* sqlite3pp.h */,
				ED0AF0D7223807FF00E3E7FC /* sqlite3ppext.cpp */,
				ED0AF0DC223807FF00E3E7FC /* sqlite3ppext.h */,
				ED0AF0DD223807FF00E3E7FC /* sqlite3pp.cpp */,
			);
			path = sqlite3pp;
			sourceTree = "<group>";
		};
		ED0AF0FB223807FF00E3E7FC /* slre */ = {
			isa = PBXGroup;
			children = (
				ED0AF0FC223807FF00E3E7FC /* slre.c */,
				ED0AF0FD223807FF00E3E7FC /* slre.h */,
			);
			path = slre;
			sourceTree = "<group>";
		};
		ED0AF1462238092800E3E7FC /* main */ = {
			isa = PBXGroup;
			children = (
				EDE91E96257FFFB200AFEAE8 /* CMakeLists.txt */,
				ED2F6E6525880A120094D892 /* Kconfig.projbuild */,
				ED0AF1542239592000E3E7FC /* esp_main.c */,
				ED0AF15C22397D0800E3E7FC /* wifi_init.h */,
				ED0AF15D22397D0800E3E7FC /* wifi_init.c */,
				ED0AF1522238199B00E3E7FC /* p44btdmx_main.cpp */,
				EDE91E7D257F90E100AFEAE8 /* p44lrg_config.hpp */,
				EDE91E31257E623C00AFEAE8 /* p44utils_config.hpp */,
				EDE91E972580E81300AFEAE8 /* p44btdmx.cpp */,
				EDE91E982580E81300AFEAE8 /* p44btdmx.hpp */,
				EDE920E42582341000AFEAE8 /* p44lrglight.cpp */,
				EDE920E32582341000AFEAE8 /* p44lrglight.hpp */,
				EDE920E52582341000AFEAE8 /* pwmlight.cpp */,
				EDE920E22582341000AFEAE8 /* pwmlight.hpp */,
				EDE91E8C257FE59D00AFEAE8 /* esp_bt.cpp */,
				EDE91E8D257FE59D00AFEAE8 /* esp_bt.hpp */,
				EDD45BEC259A2F9A00964B6F /* esp_dmx_rx.cpp */,
				EDD45BED259A2F9A00964B6F /* esp_dmx_rx.hpp */,
			);
			path = main;
			sourceTree = "<group>";
		};
		ED0AF157223969B700E3E7FC /* esp32_ws281x */ = {
			isa = PBXGroup;
			children = (
				ED0AF158223969B700E3E7FC /* esp32_ws281x.c */,
				ED0AF159223969B700E3E7FC /* esp32_ws281x.h */,
			);
			path = esp32_ws281x;
			sourceTree = "<group>";
		};
		ED0AF15F223A97EB00E3E7FC /* json-c */ = {
			isa = PBXGroup;
			children = (
				ED0AF1CA223AA68000E3E7FC /* config.h */,
				ED0AF171223A97EB00E3E7FC /* arraylist.c */,
				ED0AF1BD223A97EB00E3E7FC /* arraylist.h */,
				ED0AF16B223A97EB00E3E7FC /* AUTHORS */,
				ED0AF1C7223A97EB00E3E7FC /* bits.h */,
				ED0AF16A223A97EB00E3E7FC /* ChangeLog */,
				ED0AF1B3223A97EB00E3E7FC /* compile */,
				ED0AF1B1223A97EB00E3E7FC /* COPYING */,
				ED0AF1AF223A97EB00E3E7FC /* debug.c */,
				ED0AF164223A97EB00E3E7FC /* debug.h */,
				ED0AF166223A97EB00E3E7FC /* INSTALL */,
				ED0AF169223A97EB00E3E7FC /* json_c_version.c */,
				ED0AF1B7223A97EB00E3E7FC /* json_c_version.h */,
				ED0AF1A7223A97EB00E3E7FC /* json_config.h */,
				ED0AF1C6223A97EB00E3E7FC /* json_inttypes.h */,
				ED0AF16C223A97EB00E3E7FC /* json_object_iterator.c */,
				ED0AF1C2223A97EB00E3E7FC /* json_object_iterator.h */,
				ED0AF1B8223A97EB00E3E7FC /* json_object_private.h */,
				ED0AF1A3223A97EB00E3E7FC /* json_object.c */,
				ED0AF1C8223A97EB00E3E7FC /* json_object.h */,
				ED0AF16E223A97EB00E3E7FC /* json_tokener.c */,
				ED0AF1C1223A97EB00E3E7FC /* json_tokener.h */,
				ED0AF1C5223A97EB00E3E7FC /* json_util.c */,
				ED0AF1AA223A97EB00E3E7FC /* json_util.h */,
				ED0AF1B6223A97EB00E3E7FC /* json.h */,
				ED0AF1A8223A97EB00E3E7FC /* libjson.c */,
				ED0AF16D223A97EB00E3E7FC /* linkhash.c */,
				ED0AF1BF223A97EB00E3E7FC /* linkhash.h */,
				ED0AF162223A97EB00E3E7FC /* math_compat.h */,
				ED0AF1B4223A97EB00E3E7FC /* NEWS */,
				ED0AF1B2223A97EB00E3E7FC /* printbuf.c */,
				ED0AF161223A97EB00E3E7FC /* printbuf.h */,
				ED0AF160223A97EB00E3E7FC /* random_seed.c */,
				ED0AF1B5223A97EB00E3E7FC /* random_seed.h */,
				ED0AF1AD223A97EB00E3E7FC /* README */,
			);
			path = "json-c";
			sourceTree = "<group>";
		};
		EDE91E45257ED6F200AFEAE8 /* p44lrgraphics */ = {
			isa = PBXGroup;
			children = (
				EDE91E49257ED6F200AFEAE8 /* CMakeLists.txt */,
				EDE91E50257ED6F200AFEAE8 /* Kconfig */,
				EDE91E5B257ED6F200AFEAE8 /* canvasview.cpp */,
				EDE91E4F257ED6F200AFEAE8 /* canvasview.hpp */,
				EDE91E4B257ED6F200AFEAE8 /* coloreffectview.cpp */,
				EDE91E68257ED6F200AFEAE8 /* coloreffectview.hpp */,
				EDE91E4E257ED6F200AFEAE8 /* epxview.cpp */,
				EDE91E59257ED6F200AFEAE8 /* epxview.hpp */,
				EDE91E56257ED6F200AFEAE8 /* imageview.cpp */,
				EDE91E65257ED6F200AFEAE8 /* imageview.hpp */,
				EDE91E66257ED6F200AFEAE8 /* lifeview.cpp */,
				EDE91E46257ED6F200AFEAE8 /* lifeview.hpp */,
				EDE91E4C257ED6F200AFEAE8 /* lightspotview.cpp */,
				EDE91E69257ED6F200AFEAE8 /* lightspotview.hpp */,
				EDE91E5E257ED6F200AFEAE8 /* p44lrg_common.hpp */,
				EDE91E47257ED6F200AFEAE8 /* p44lrg_config_TEMPLATE.hpp */,
				EDE91E62257ED6F200AFEAE8 /* p44view.cpp */,
				EDE91E54257ED6F200AFEAE8 /* p44view.hpp */,
				EDE91E58257ED6F200AFEAE8 /* README.md */,
				EDE91E63257ED6F200AFEAE8 /* textview.cpp */,
				EDE91E55257ED6F200AFEAE8 /* textview.hpp */,
				EDE91E67257ED6F200AFEAE8 /* torchview.cpp */,
				EDE91E48257ED6F200AFEAE8 /* torchview.hpp */,
				EDE91E5D257ED6F200AFEAE8 /* viewfactory.cpp */,
				EDE91E51257ED6F200AFEAE8 /* viewfactory.hpp */,
				EDE91E53257ED6F200AFEAE8 /* viewscroller.cpp */,
				EDE91E5F257ED6F200AFEAE8 /* viewscroller.hpp */,
				EDE91E64257ED6F200AFEAE8 /* viewsequencer.cpp */,
				EDE91E57257ED6F200AFEAE8 /* viewsequencer.hpp */,
				EDE91E5A257ED6F200AFEAE8 /* viewstack.cpp */,
				EDE91E4D257ED6F200AFEAE8 /* viewstack.hpp */,
			);
			path = p44lrgraphics;
			sourceTree = "<group>";
		};
/* End PBXGroup section */

/* Begin PBXNativeTarget section */
		ED0AF075223807CC00E3E7FC /* p44btdmx_controller */ = {
			isa = PBXNativeTarget;
			buildConfigurationList = ED0AF07D223807CC00E3E7FC /* Build configuration list for PBXNativeTarget "p44btdmx_controller" */;
			buildPhases = (
				ED0AF072223807CC00E3E7FC /* Sources */,
				ED0AF073223807CC00E3E7FC /* Frameworks */,
				ED0AF074223807CC00E3E7FC /* CopyFiles */,
			);
			buildRules = (
			);
			dependencies = (
			);
			name = p44btdmx_controller;
			productName = "p44utils-esp32-test";
			productReference = ED0AF076223807CC00E3E7FC /* p44btdmx_controller */;
			productType = "com.apple.product-type.tool";
		};
/* End PBXNativeTarget section */

/* Begin PBXProject section */
		ED0AF06E223807CC00E3E7FC /* Project object */ = {
			isa = PBXProject;
			attributes = {
				LastUpgradeCheck = 1010;
				ORGANIZATIONNAME = plan44.ch;
				TargetAttributes = {
					ED0AF075223807CC00E3E7FC = {
						CreatedOnToolsVersion = 10.1;
					};
				};
			};
			buildConfigurationList = ED0AF071223807CC00E3E7FC /* Build configuration list for PBXProject "p44btdmx_controller" */;
			compatibilityVersion = "Xcode 9.3";
			developmentRegion = en;
			hasScannedForEncodings = 0;
			knownRegions = (
				en,
			);
			mainGroup = ED0AF06D223807CC00E3E7FC;
			productRefGroup = ED0AF077223807CC00E3E7FC /* Products */;
			projectDirPath = "";
			projectRoot = "";
			targets = (
				ED0AF075223807CC00E3E7FC /* p44btdmx_controller */,
			);
		};
/* End PBXProject section */

/* Begin PBXSourcesBuildPhase section */
		ED0AF072223807CC00E3E7FC /* Sources */ = {
			isa = PBXSourcesBuildPhase;
			buildActionMask = 2147483647;
			files = (
				EDE91E41257E8AFE00AFEAE8 /* dcmotor.cpp in Sources */,
				ED0AF1CC223AB6CE00E3E7FC /* jsonobject.cpp in Sources */,
				ED0AF107223807FF00E3E7FC /* utils.cpp in Sources */,
				ED0AF1432238089700E3E7FC /* logger.cpp in Sources */,
				EDE91E6E257ED6F200AFEAE8 /* imageview.cpp in Sources */,
				EDE91E6C257ED6F200AFEAE8 /* epxview.cpp in Sources */,
				EDE91E83257F933D00AFEAE8 /* spi.cpp in Sources */,
				ED0AF1D3223ABAAC00E3E7FC /* linkhash.c in Sources */,
				ED0AF1D1223ABAAC00E3E7FC /* json_tokener.c in Sources */,
				EDE91E73257ED6F200AFEAE8 /* textview.cpp in Sources */,
				EDE91E42257E8AFE00AFEAE8 /* timeutils.cpp in Sources */,
				ED0AF1442238089700E3E7FC /* error.cpp in Sources */,
				ED0AF1CD223ABAAC00E3E7FC /* arraylist.c in Sources */,
				ED0AF1552239592000E3E7FC /* esp_main.c in Sources */,
				EDE91E84257F933D00AFEAE8 /* i2c.cpp in Sources */,
				ED0AF1532238199B00E3E7FC /* p44btdmx_main.cpp in Sources */,
				ED0AF15622395F2700E3E7FC /* ledchaincomm.cpp in Sources */,
				ED0AF1CF223ABAAC00E3E7FC /* json_c_version.c in Sources */,
				EDE91E8E257FE59D00AFEAE8 /* esp_bt.cpp in Sources */,
				EDE91E992580E81300AFEAE8 /* p44btdmx.cpp in Sources */,
				EDE91E74257ED6F200AFEAE8 /* viewsequencer.cpp in Sources */,
				EDE91E76257ED6F200AFEAE8 /* torchview.cpp in Sources */,
				EDD45BEE259A3AD500964B6F /* esp_dmx_rx.cpp in Sources */,
				ED0AF1D5223ABAAC00E3E7FC /* random_seed.c in Sources */,
				EDE91E43257E8AFE00AFEAE8 /* extutils.cpp in Sources */,
				EDE91E86257F936400AFEAE8 /* iopin.cpp in Sources */,
				EDE91E81257F931B00AFEAE8 /* digitalio.cpp in Sources */,
				ED0AF1CB223AB6CE00E3E7FC /* jsoncomm.cpp in Sources */,
				ED0AF15E22397D0800E3E7FC /* wifi_init.c in Sources */,
				EDE91E75257ED6F200AFEAE8 /* lifeview.cpp in Sources */,
				EDE91E6F257ED6F200AFEAE8 /* viewstack.cpp in Sources */,
				ED0AF15B223975CE00E3E7FC /* socketcomm.cpp in Sources */,
				ED0AF14F223814A100E3E7FC /* fdcomm.cpp in Sources */,
				EDE91E70257ED6F200AFEAE8 /* canvasview.cpp in Sources */,
				EDE920E72582341000AFEAE8 /* pwmlight.cpp in Sources */,
				EDE91E88257F939000AFEAE8 /* colorutils.cpp in Sources */,
				EDE920E62582341000AFEAE8 /* p44lrglight.cpp in Sources */,
				EDE91E6B257ED6F200AFEAE8 /* lightspotview.cpp in Sources */,
				ED0AF1512238157C00E3E7FC /* application.cpp in Sources */,
				ED0AF1422238089700E3E7FC /* p44obj.cpp in Sources */,
				ED0AF1D4223ABAAC00E3E7FC /* printbuf.c in Sources */,
				ED0AF1452238089700E3E7FC /* mainloop.cpp in Sources */,
				ED0AF1D0223ABAAC00E3E7FC /* json_object_iterator.c in Sources */,
				EDE91E8A257F93A900AFEAE8 /* pwm.cpp in Sources */,
				EDE91E72257ED6F200AFEAE8 /* p44view.cpp in Sources */,
				EDE91E71257ED6F200AFEAE8 /* viewfactory.cpp in Sources */,
				ED0AF1CE223ABAAC00E3E7FC /* debug.c in Sources */,
				EDE91E6A257ED6F200AFEAE8 /* coloreffectview.cpp in Sources */,
				EDE91E6D257ED6F200AFEAE8 /* viewscroller.cpp in Sources */,
				ED0AF1D6223ABB1900E3E7FC /* json_object.c in Sources */,
				ED0AF1D2223ABAAC00E3E7FC /* json_util.c in Sources */,
				EDE91E40257E8AFE00AFEAE8 /* valueanimator.cpp in Sources */,
				EDE91E7F257F930B00AFEAE8 /* analogio.cpp in Sources */,
				EDE91E3F257E8AFE00AFEAE8 /* p44script.cpp in Sources */,
			);
			runOnlyForDeploymentPostprocessing = 0;
		};
/* End PBXSourcesBuildPhase section */

/* Begin XCBuildConfiguration section */
		ED0AF07B223807CC00E3E7FC /* Debug */ = {
			isa = XCBuildConfiguration;
			buildSettings = {
				ALWAYS_SEARCH_USER_PATHS = NO;
				CLANG_ANALYZER_NONNULL = YES;
				CLANG_ANALYZER_NUMBER_OBJECT_CONVERSION = YES_AGGRESSIVE;
				CLANG_CXX_LANGUAGE_STANDARD = "gnu++14";
				CLANG_CXX_LIBRARY = "libc++";
				CLANG_ENABLE_MODULES = YES;
				CLANG_ENABLE_OBJC_ARC = YES;
				CLANG_ENABLE_OBJC_WEAK = YES;
				CLANG_WARN_BLOCK_CAPTURE_AUTORELEASING = YES;
				CLANG_WARN_BOOL_CONVERSION = YES;
				CLANG_WARN_COMMA = YES;
				CLANG_WARN_CONSTANT_CONVERSION = YES;
				CLANG_WARN_DEPRECATED_OBJC_IMPLEMENTATIONS = YES;
				CLANG_WARN_DIRECT_OBJC_ISA_USAGE = YES_ERROR;
				CLANG_WARN_DOCUMENTATION_COMMENTS = YES;
				CLANG_WARN_EMPTY_BODY = YES;
				CLANG_WARN_ENUM_CONVERSION = YES;
				CLANG_WARN_INFINITE_RECURSION = YES;
				CLANG_WARN_INT_CONVERSION = YES;
				CLANG_WARN_NON_LITERAL_NULL_CONVERSION = YES;
				CLANG_WARN_OBJC_IMPLICIT_RETAIN_SELF = YES;
				CLANG_WARN_OBJC_LITERAL_CONVERSION = YES;
				CLANG_WARN_OBJC_ROOT_CLASS = YES_ERROR;
				CLANG_WARN_RANGE_LOOP_ANALYSIS = YES;
				CLANG_WARN_STRICT_PROTOTYPES = YES;
				CLANG_WARN_SUSPICIOUS_MOVE = YES;
				CLANG_WARN_UNGUARDED_AVAILABILITY = YES_AGGRESSIVE;
				CLANG_WARN_UNREACHABLE_CODE = YES;
				CLANG_WARN__DUPLICATE_METHOD_MATCH = YES;
				CODE_SIGN_IDENTITY = "Mac Developer";
				COPY_PHASE_STRIP = NO;
				DEBUG_INFORMATION_FORMAT = dwarf;
				ENABLE_STRICT_OBJC_MSGSEND = YES;
				ENABLE_TESTABILITY = YES;
				ESP_IDF = "/Applications/esp/esp-idf";
				GCC_C_LANGUAGE_STANDARD = gnu11;
				GCC_DYNAMIC_NO_PIC = NO;
				GCC_NO_COMMON_BLOCKS = YES;
				GCC_OPTIMIZATION_LEVEL = 0;
				GCC_PREPROCESSOR_DEFINITIONS = (
					"DEBUG=1",
					"$(inherited)",
					"ESP_PLATFORM=1",
				);
				GCC_WARN_64_TO_32_BIT_CONVERSION = YES;
				GCC_WARN_ABOUT_RETURN_TYPE = YES_ERROR;
				GCC_WARN_UNDECLARED_SELECTOR = YES;
				GCC_WARN_UNINITIALIZED_AUTOS = YES_AGGRESSIVE;
				GCC_WARN_UNUSED_FUNCTION = YES;
				GCC_WARN_UNUSED_VARIABLE = YES;
				HEADER_SEARCH_PATHS = (
					/usr/local/include,
					"${ESP_IDF}/components/bt/**",
				);
				MACOSX_DEPLOYMENT_TARGET = 10.14;
				MTL_ENABLE_DEBUG_INFO = INCLUDE_SOURCE;
				MTL_FAST_MATH = YES;
				ONLY_ACTIVE_ARCH = YES;
				SDKROOT = macosx;
			};
			name = Debug;
		};
		ED0AF07C223807CC00E3E7FC /* Release */ = {
			isa = XCBuildConfiguration;
			buildSettings = {
				ALWAYS_SEARCH_USER_PATHS = NO;
				CLANG_ANALYZER_NONNULL = YES;
				CLANG_ANALYZER_NUMBER_OBJECT_CONVERSION = YES_AGGRESSIVE;
				CLANG_CXX_LANGUAGE_STANDARD = "gnu++14";
				CLANG_CXX_LIBRARY = "libc++";
				CLANG_ENABLE_MODULES = YES;
				CLANG_ENABLE_OBJC_ARC = YES;
				CLANG_ENABLE_OBJC_WEAK = YES;
				CLANG_WARN_BLOCK_CAPTURE_AUTORELEASING = YES;
				CLANG_WARN_BOOL_CONVERSION = YES;
				CLANG_WARN_COMMA = YES;
				CLANG_WARN_CONSTANT_CONVERSION = YES;
				CLANG_WARN_DEPRECATED_OBJC_IMPLEMENTATIONS = YES;
				CLANG_WARN_DIRECT_OBJC_ISA_USAGE = YES_ERROR;
				CLANG_WARN_DOCUMENTATION_COMMENTS = YES;
				CLANG_WARN_EMPTY_BODY = YES;
				CLANG_WARN_ENUM_CONVERSION = YES;
				CLANG_WARN_INFINITE_RECURSION = YES;
				CLANG_WARN_INT_CONVERSION = YES;
				CLANG_WARN_NON_LITERAL_NULL_CONVERSION = YES;
				CLANG_WARN_OBJC_IMPLICIT_RETAIN_SELF = YES;
				CLANG_WARN_OBJC_LITERAL_CONVERSION = YES;
				CLANG_WARN_OBJC_ROOT_CLASS = YES_ERROR;
				CLANG_WARN_RANGE_LOOP_ANALYSIS = YES;
				CLANG_WARN_STRICT_PROTOTYPES = YES;
				CLANG_WARN_SUSPICIOUS_MOVE = YES;
				CLANG_WARN_UNGUARDED_AVAILABILITY = YES_AGGRESSIVE;
				CLANG_WARN_UNREACHABLE_CODE = YES;
				CLANG_WARN__DUPLICATE_METHOD_MATCH = YES;
				CODE_SIGN_IDENTITY = "Mac Developer";
				COPY_PHASE_STRIP = NO;
				DEBUG_INFORMATION_FORMAT = "dwarf-with-dsym";
				ENABLE_NS_ASSERTIONS = NO;
				ENABLE_STRICT_OBJC_MSGSEND = YES;
				ESP_IDF = "/Applications/esp/esp-idf";
				GCC_C_LANGUAGE_STANDARD = gnu11;
				GCC_NO_COMMON_BLOCKS = YES;
				GCC_WARN_64_TO_32_BIT_CONVERSION = YES;
				GCC_WARN_ABOUT_RETURN_TYPE = YES_ERROR;
				GCC_WARN_UNDECLARED_SELECTOR = YES;
				GCC_WARN_UNINITIALIZED_AUTOS = YES_AGGRESSIVE;
				GCC_WARN_UNUSED_FUNCTION = YES;
				GCC_WARN_UNUSED_VARIABLE = YES;
				HEADER_SEARCH_PATHS = (
					/usr/local/include,
					"${ESP_IDF}/components/bt/**",
				);
				MACOSX_DEPLOYMENT_TARGET = 10.14;
				MTL_ENABLE_DEBUG_INFO = NO;
				MTL_FAST_MATH = YES;
				SDKROOT = macosx;
			};
			name = Release;
		};
		ED0AF07E223807CC00E3E7FC /* Debug */ = {
			isa = XCBuildConfiguration;
			buildSettings = {
				CODE_SIGN_STYLE = Automatic;
				DEVELOPMENT_TEAM = RQ57RZ75M9;
				ESP_IDF = "";
				PRODUCT_NAME = "$(TARGET_NAME)";
			};
			name = Debug;
		};
		ED0AF07F223807CC00E3E7FC /* Release */ = {
			isa = XCBuildConfiguration;
			buildSettings = {
				CODE_SIGN_STYLE = Automatic;
				DEVELOPMENT_TEAM = RQ57RZ75M9;
				ESP_IDF = "";
				PRODUCT_NAME = "$(TARGET_NAME)";
			};
			name = Release;
		};
/* End XCBuildConfiguration section */

/* Begin XCConfigurationList section */
		ED0AF071223807CC00E3E7FC /* Build configuration list for PBXProject "p44btdmx_controller" */ = {
			isa = XCConfigurationList;
			buildConfigurations = (
				ED0AF07B223807CC00E3E7FC /* Debug */,
				ED0AF07C223807CC00E3E7FC /* Release */,
			);
			defaultConfigurationIsVisible = 0;
			defaultConfigurationName = Release;
		};
		ED0AF07D223807CC00E3E7FC /* Build configuration list for PBXNativeTarget "p44btdmx_controller" */ = {
			isa = XCConfigurationList;
			buildConfigurations = (
				ED0AF07E223807CC00E3E7FC /* Debug */,
				ED0AF07F223807CC00E3E7FC /* Release */,
			);
			defaultConfigurationIsVisible = 0;
			defaultConfigurationName = Release;
		};
/* End XCConfigurationList section */
	};
	rootObject = ED0AF06E223807CC00E3E7FC /* Project object */;
}
